
Microsoft Visual Studio Solution File, Format Version 12.00
# Visual Studio Version 17
VisualStudioVersion = 17.14.36414.22 d17.14
MinimumVisualStudioVersion = 10.0.40219.1
Project("{8BC9CEB8-8B4A-11D0-8D11-00A0C91BC942}") = "HM_11", "HM_11.vcxproj", "{75E20D0E-F712-46A4-96B4-002F863EC10C}"
EndProject
Project("{8BC9CEB8-8B4A-11D0-8D11-00A0C91BC942}") = "HM_12", "..\HM_12\HM_12.vcxproj", "{DB73A84C-52A2-4C8D-ADB4-6F2CF74B1AF0}"
EndProject
Global
	GlobalSection(SolutionConfigurationPlatforms) = preSolution
		Debug|x64 = Debug|x64
		Debug|x86 = Debug|x86
		Release|x64 = Release|x64
		Release|x86 = Release|x86
	EndGlobalSection
	GlobalSection(ProjectConfigurationPlatforms) = postSolution
		{75E20D0E-F712-46A4-96B4-002F863EC10C}.Debug|x64.ActiveCfg = Debug|x64
		{75E20D0E-F712-46A4-96B4-002F863EC10C}.Debug|x64.Build.0 = Debug|x64
		{75E20D0E-F712-46A4-96B4-002F863EC10C}.Debug|x86.ActiveCfg = Debug|Win32
		{75E20D0E-F712-46A4-96B4-002F863EC10C}.Debug|x86.Build.0 = Debug|Win32
		{75E20D0E-F712-46A4-96B4-002F863EC10C}.Release|x64.ActiveCfg = Release|x64
		{75E20D0E-F712-46A4-96B4-002F863EC10C}.Release|x64.Build.0 = Release|x64
		{75E20D0E-F712-46A4-96B4-002F863EC10C}.Release|x86.ActiveCfg = Release|Win32
		{75E20D0E-F712-46A4-96B4-002F863EC10C}.Release|x86.Build.0 = Release|Win32
		{DB73A84C-52A2-4C8D-ADB4-6F2CF74B1AF0}.Debug|x64.ActiveCfg = Debug|x64
		{DB73A84C-52A2-4C8D-ADB4-6F2CF74B1AF0}.Debug|x64.Build.0 = Debug|x64
		{DB73A84C-52A2-4C8D-ADB4-6F2CF74B1AF0}.Debug|x86.ActiveCfg = Debug|Win32
		{DB73A84C-52A2-4C8D-ADB4-6F2CF74B1AF0}.Debug|x86.Build.0 = Debug|Win32
		{DB73A84C-52A2-4C8D-ADB4-6F2CF74B1AF0}.Release|x64.ActiveCfg = Release|x64
		{DB73A84C-52A2-4C8D-ADB4-6F2CF74B1AF0}.Release|x64.Build.0 = Release|x64
		{DB73A84C-52A2-4C8D-ADB4-6F2CF74B1AF0}.Release|x86.ActiveCfg = Release|Win32
		{DB73A84C-52A2-4C8D-ADB4-6F2CF74B1AF0}.Release|x86.Build.0 = Release|Win32
	EndGlobalSection
	GlobalSection(SolutionProperties) = preSolution
		HideSolutionNode = FALSE
	EndGlobalSection
	GlobalSection(ExtensibilityGlobals) = postSolution
		SolutionGuid = {E2B81806-8ABC-4940-B274-44CAE8606E92}
	EndGlobalSection
EndGlobal
